
Microsoft Visual Studio Solution File, Format Version 12.00
# Visual Studio Version 16
VisualStudioVersion = 16.0.31205.134
MinimumVisualStudioVersion = 10.0.40219.1
Project("{FAE04EC0-301F-11D3-BF4B-00C04F79EFBC}") = "WindowsFormsApp1", "WindowsFormsApp1\WindowsFormsApp1.csproj", "{FEAEA61C-2BBB-4BB1-8457-C09B3B1651AD}"
EndProject
Global
	GlobalSection(SolutionConfigurationPlatforms) = preSolution
		Debug|Any CPU = Debug|Any CPU
		Release|Any CPU = Release|Any CPU
	EndGlobalSection
	GlobalSection(ProjectConfigurationPlatforms) = postSolution
		{FEAEA61C-2BBB-4BB1-8457-C09B3B1651AD}.Debug|Any CPU.ActiveCfg = Debug|Any CPU
		{FEAEA61C-2BBB-4BB1-8457-C09B3B1651AD}.Debug|Any CPU.Build.0 = Debug|Any CPU
		{FEAEA61C-2BBB-4BB1-8457-C09B3B1651AD}.Release|Any CPU.ActiveCfg = Release|Any CPU
		{FEAEA61C-2BBB-4BB1-8457-C09B3B1651AD}.Release|Any CPU.Build.0 = Release|Any CPU
	EndGlobalSection
	GlobalSection(SolutionProperties) = preSolution
		HideSolutionNode = FALSE
	EndGlobalSection
	GlobalSection(ExtensibilityGlobals) = postSolution
		SolutionGuid = {8425EC64-4908-49FE-B64A-057D233C2C9E}
	EndGlobalSection
EndGlobal
